// !$*UTF8*$!
{
	archiveVersion = 1;
	classes = {
	};
	objectVersion = 46;
	objects = {

/* Begin PBXBuildFile section */
		0D7A30641EBD766B00C1ACEC /* RepoTableViewCell.swift in Sources */ = {isa = PBXBuildFile; fileRef = 0D7A30631EBD766B00C1ACEC /* RepoTableViewCell.swift */; };
		0D7A30661EBD8B5900C1ACEC /* PullTableViewCell.swift in Sources */ = {isa = PBXBuildFile; fileRef = 0D7A30651EBD8B5900C1ACEC /* PullTableViewCell.swift */; };
		C221C2C21EBD413D00660CAC /* ReposList.swift in Sources */ = {isa = PBXBuildFile; fileRef = C221C2C11EBD413D00660CAC /* ReposList.swift */; };
		C221C2C41EBD4E0300660CAC /* GithubPull.swift in Sources */ = {isa = PBXBuildFile; fileRef = C221C2C31EBD4E0300660CAC /* GithubPull.swift */; };
		C221C2C61EBD4E1500660CAC /* GithubDiff.swift in Sources */ = {isa = PBXBuildFile; fileRef = C221C2C51EBD4E1500660CAC /* GithubDiff.swift */; };
		C221C2C81EBD53A400660CAC /* PullsList.swift in Sources */ = {isa = PBXBuildFile; fileRef = C221C2C71EBD53A400660CAC /* PullsList.swift */; };
		C22788591EBBF86300F1E7B9 /* Main.storyboard in Resources */ = {isa = PBXBuildFile; fileRef = C22788571EBBF86300F1E7B9 /* Main.storyboard */; };
		C227885C1EBBF86300F1E7B9 /* NickRaptisPullRequestViewer.xcdatamodeld in Sources */ = {isa = PBXBuildFile; fileRef = C227885A1EBBF86300F1E7B9 /* NickRaptisPullRequestViewer.xcdatamodeld */; };
		C227885E1EBBF86300F1E7B9 /* Assets.xcassets in Resources */ = {isa = PBXBuildFile; fileRef = C227885D1EBBF86300F1E7B9 /* Assets.xcassets */; };
		C22788611EBBF86300F1E7B9 /* LaunchScreen.storyboard in Resources */ = {isa = PBXBuildFile; fileRef = C227885F1EBBF86300F1E7B9 /* LaunchScreen.storyboard */; };
		C227886C1EBBF86300F1E7B9 /* NickRaptisPullRequestViewerTests.swift in Sources */ = {isa = PBXBuildFile; fileRef = C227886B1EBBF86300F1E7B9 /* NickRaptisPullRequestViewerTests.swift */; };
		C22788771EBBF86300F1E7B9 /* NickRaptisPullRequestViewerUITests.swift in Sources */ = {isa = PBXBuildFile; fileRef = C22788761EBBF86300F1E7B9 /* NickRaptisPullRequestViewerUITests.swift */; };
		C227888C1EBBFF4A00F1E7B9 /* AppDelegate.swift in Sources */ = {isa = PBXBuildFile; fileRef = C22788871EBBFF4A00F1E7B9 /* AppDelegate.swift */; };
		C227888D1EBBFF4A00F1E7B9 /* Device.swift in Sources */ = {isa = PBXBuildFile; fileRef = C22788881EBBFF4A00F1E7B9 /* Device.swift */; };
		C227888E1EBBFF4A00F1E7B9 /* FileUtils.swift in Sources */ = {isa = PBXBuildFile; fileRef = C22788891EBBFF4A00F1E7B9 /* FileUtils.swift */; };
		C227888F1EBBFF4A00F1E7B9 /* RootViewController.swift in Sources */ = {isa = PBXBuildFile; fileRef = C227888A1EBBFF4A00F1E7B9 /* RootViewController.swift */; };
		C22788901EBBFF4A00F1E7B9 /* WebFetcher.swift in Sources */ = {isa = PBXBuildFile; fileRef = C227888B1EBBFF4A00F1E7B9 /* WebFetcher.swift */; };
		C28B772E1EBD19CA0021939D /* GithubAPI.swift in Sources */ = {isa = PBXBuildFile; fileRef = C28B772D1EBD19CA0021939D /* GithubAPI.swift */; };
		C28B77301EBD24C40021939D /* UsersList.swift in Sources */ = {isa = PBXBuildFile; fileRef = C28B772F1EBD24C40021939D /* UsersList.swift */; };
		C28B77321EBD2FB10021939D /* GithubUser.swift in Sources */ = {isa = PBXBuildFile; fileRef = C28B77311EBD2FB10021939D /* GithubUser.swift */; };
		C28B77341EBD2FBF0021939D /* GithubRepo.swift in Sources */ = {isa = PBXBuildFile; fileRef = C28B77331EBD2FBF0021939D /* GithubRepo.swift */; };
/* End PBXBuildFile section */

/* Begin PBXContainerItemProxy section */
		C22788681EBBF86300F1E7B9 /* PBXContainerItemProxy */ = {
			isa = PBXContainerItemProxy;
			containerPortal = C22788481EBBF86300F1E7B9 /* Project object */;
			proxyType = 1;
			remoteGlobalIDString = C227884F1EBBF86300F1E7B9;
			remoteInfo = NickRaptisPullRequestViewer;
		};
		C22788731EBBF86300F1E7B9 /* PBXContainerItemProxy */ = {
			isa = PBXContainerItemProxy;
			containerPortal = C22788481EBBF86300F1E7B9 /* Project object */;
			proxyType = 1;
			remoteGlobalIDString = C227884F1EBBF86300F1E7B9;
			remoteInfo = NickRaptisPullRequestViewer;
		};
/* End PBXContainerItemProxy section */

/* Begin PBXFileReference section */
		0D7A30631EBD766B00C1ACEC /* RepoTableViewCell.swift */ = {isa = PBXFileReference; fileEncoding = 4; lastKnownFileType = sourcecode.swift; path = RepoTableViewCell.swift; sourceTree = "<group>"; };
		0D7A30651EBD8B5900C1ACEC /* PullTableViewCell.swift */ = {isa = PBXFileReference; fileEncoding = 4; lastKnownFileType = sourcecode.swift; path = PullTableViewCell.swift; sourceTree = "<group>"; };
		C221C2C11EBD413D00660CAC /* ReposList.swift */ = {isa = PBXFileReference; fileEncoding = 4; lastKnownFileType = sourcecode.swift; path = ReposList.swift; sourceTree = "<group>"; };
		C221C2C31EBD4E0300660CAC /* GithubPull.swift */ = {isa = PBXFileReference; fileEncoding = 4; lastKnownFileType = sourcecode.swift; path = GithubPull.swift; sourceTree = "<group>"; };
		C221C2C51EBD4E1500660CAC /* GithubDiff.swift */ = {isa = PBXFileReference; fileEncoding = 4; lastKnownFileType = sourcecode.swift; path = GithubDiff.swift; sourceTree = "<group>"; };
		C221C2C71EBD53A400660CAC /* PullsList.swift */ = {isa = PBXFileReference; fileEncoding = 4; lastKnownFileType = sourcecode.swift; path = PullsList.swift; sourceTree = "<group>"; };
		C22788501EBBF86300F1E7B9 /* NickRaptisPullRequestViewer.app */ = {isa = PBXFileReference; explicitFileType = wrapper.application; includeInIndex = 0; path = NickRaptisPullRequestViewer.app; sourceTree = BUILT_PRODUCTS_DIR; };
		C22788581EBBF86300F1E7B9 /* Base */ = {isa = PBXFileReference; lastKnownFileType = file.storyboard; name = Base; path = Base.lproj/Main.storyboard; sourceTree = "<group>"; };
		C227885B1EBBF86300F1E7B9 /* NickRaptisPullRequestViewer.xcdatamodel */ = {isa = PBXFileReference; lastKnownFileType = wrapper.xcdatamodel; path = NickRaptisPullRequestViewer.xcdatamodel; sourceTree = "<group>"; };
		C227885D1EBBF86300F1E7B9 /* Assets.xcassets */ = {isa = PBXFileReference; lastKnownFileType = folder.assetcatalog; path = Assets.xcassets; sourceTree = "<group>"; };
		C22788601EBBF86300F1E7B9 /* Base */ = {isa = PBXFileReference; lastKnownFileType = file.storyboard; name = Base; path = Base.lproj/LaunchScreen.storyboard; sourceTree = "<group>"; };
		C22788621EBBF86300F1E7B9 /* Info.plist */ = {isa = PBXFileReference; lastKnownFileType = text.plist.xml; path = Info.plist; sourceTree = "<group>"; };
		C22788671EBBF86300F1E7B9 /* NickRaptisPullRequestViewerTests.xctest */ = {isa = PBXFileReference; explicitFileType = wrapper.cfbundle; includeInIndex = 0; path = NickRaptisPullRequestViewerTests.xctest; sourceTree = BUILT_PRODUCTS_DIR; };
		C227886B1EBBF86300F1E7B9 /* NickRaptisPullRequestViewerTests.swift */ = {isa = PBXFileReference; lastKnownFileType = sourcecode.swift; path = NickRaptisPullRequestViewerTests.swift; sourceTree = "<group>"; };
		C227886D1EBBF86300F1E7B9 /* Info.plist */ = {isa = PBXFileReference; lastKnownFileType = text.plist.xml; path = Info.plist; sourceTree = "<group>"; };
		C22788721EBBF86300F1E7B9 /* NickRaptisPullRequestViewerUITests.xctest */ = {isa = PBXFileReference; explicitFileType = wrapper.cfbundle; includeInIndex = 0; path = NickRaptisPullRequestViewerUITests.xctest; sourceTree = BUILT_PRODUCTS_DIR; };
		C22788761EBBF86300F1E7B9 /* NickRaptisPullRequestViewerUITests.swift */ = {isa = PBXFileReference; lastKnownFileType = sourcecode.swift; path = NickRaptisPullRequestViewerUITests.swift; sourceTree = "<group>"; };
		C22788781EBBF86300F1E7B9 /* Info.plist */ = {isa = PBXFileReference; lastKnownFileType = text.plist.xml; path = Info.plist; sourceTree = "<group>"; };
		C22788871EBBFF4A00F1E7B9 /* AppDelegate.swift */ = {isa = PBXFileReference; fileEncoding = 4; lastKnownFileType = sourcecode.swift; path = AppDelegate.swift; sourceTree = "<group>"; };
		C22788881EBBFF4A00F1E7B9 /* Device.swift */ = {isa = PBXFileReference; fileEncoding = 4; lastKnownFileType = sourcecode.swift; path = Device.swift; sourceTree = "<group>"; };
		C22788891EBBFF4A00F1E7B9 /* FileUtils.swift */ = {isa = PBXFileReference; fileEncoding = 4; lastKnownFileType = sourcecode.swift; path = FileUtils.swift; sourceTree = "<group>"; };
		C227888A1EBBFF4A00F1E7B9 /* RootViewController.swift */ = {isa = PBXFileReference; fileEncoding = 4; lastKnownFileType = sourcecode.swift; path = RootViewController.swift; sourceTree = "<group>"; };
		C227888B1EBBFF4A00F1E7B9 /* WebFetcher.swift */ = {isa = PBXFileReference; fileEncoding = 4; lastKnownFileType = sourcecode.swift; path = WebFetcher.swift; sourceTree = "<group>"; };
		C28B772D1EBD19CA0021939D /* GithubAPI.swift */ = {isa = PBXFileReference; fileEncoding = 4; lastKnownFileType = sourcecode.swift; path = GithubAPI.swift; sourceTree = "<group>"; };
		C28B772F1EBD24C40021939D /* UsersList.swift */ = {isa = PBXFileReference; fileEncoding = 4; lastKnownFileType = sourcecode.swift; path = UsersList.swift; sourceTree = "<group>"; };
		C28B77311EBD2FB10021939D /* GithubUser.swift */ = {isa = PBXFileReference; fileEncoding = 4; lastKnownFileType = sourcecode.swift; path = GithubUser.swift; sourceTree = "<group>"; };
		C28B77331EBD2FBF0021939D /* GithubRepo.swift */ = {isa = PBXFileReference; fileEncoding = 4; lastKnownFileType = sourcecode.swift; path = GithubRepo.swift; sourceTree = "<group>"; };
/* End PBXFileReference section */

/* Begin PBXFrameworksBuildPhase section */
		C227884D1EBBF86300F1E7B9 /* Frameworks */ = {
			isa = PBXFrameworksBuildPhase;
			buildActionMask = 2147483647;
			files = (
			);
			runOnlyForDeploymentPostprocessing = 0;
		};
		C22788641EBBF86300F1E7B9 /* Frameworks */ = {
			isa = PBXFrameworksBuildPhase;
			buildActionMask = 2147483647;
			files = (
			);
			runOnlyForDeploymentPostprocessing = 0;
		};
		C227886F1EBBF86300F1E7B9 /* Frameworks */ = {
			isa = PBXFrameworksBuildPhase;
			buildActionMask = 2147483647;
			files = (
			);
			runOnlyForDeploymentPostprocessing = 0;
		};
/* End PBXFrameworksBuildPhase section */

/* Begin PBXGroup section */
		C22788471EBBF86300F1E7B9 = {
			isa = PBXGroup;
			children = (
				C22788861EBBFF4A00F1E7B9 /* Classes */,
				C22788521EBBF86300F1E7B9 /* NickRaptisPullRequestViewer */,
				C227886A1EBBF86300F1E7B9 /* NickRaptisPullRequestViewerTests */,
				C22788751EBBF86300F1E7B9 /* NickRaptisPullRequestViewerUITests */,
				C22788511EBBF86300F1E7B9 /* Products */,
				EC17766D46F8E7E7997F7199 /* Frameworks */,
			);
			sourceTree = "<group>";
		};
		C22788511EBBF86300F1E7B9 /* Products */ = {
			isa = PBXGroup;
			children = (
				C22788501EBBF86300F1E7B9 /* NickRaptisPullRequestViewer.app */,
				C22788671EBBF86300F1E7B9 /* NickRaptisPullRequestViewerTests.xctest */,
				C22788721EBBF86300F1E7B9 /* NickRaptisPullRequestViewerUITests.xctest */,
			);
			name = Products;
			sourceTree = "<group>";
		};
		C22788521EBBF86300F1E7B9 /* NickRaptisPullRequestViewer */ = {
			isa = PBXGroup;
			children = (
				C22788571EBBF86300F1E7B9 /* Main.storyboard */,
				C227885D1EBBF86300F1E7B9 /* Assets.xcassets */,
				C227885F1EBBF86300F1E7B9 /* LaunchScreen.storyboard */,
				C22788621EBBF86300F1E7B9 /* Info.plist */,
				C227885A1EBBF86300F1E7B9 /* NickRaptisPullRequestViewer.xcdatamodeld */,
			);
			path = NickRaptisPullRequestViewer;
			sourceTree = "<group>";
		};
		C227886A1EBBF86300F1E7B9 /* NickRaptisPullRequestViewerTests */ = {
			isa = PBXGroup;
			children = (
				C227886B1EBBF86300F1E7B9 /* NickRaptisPullRequestViewerTests.swift */,
				C227886D1EBBF86300F1E7B9 /* Info.plist */,
			);
			path = NickRaptisPullRequestViewerTests;
			sourceTree = "<group>";
		};
		C22788751EBBF86300F1E7B9 /* NickRaptisPullRequestViewerUITests */ = {
			isa = PBXGroup;
			children = (
				C22788761EBBF86300F1E7B9 /* NickRaptisPullRequestViewerUITests.swift */,
				C22788781EBBF86300F1E7B9 /* Info.plist */,
			);
			path = NickRaptisPullRequestViewerUITests;
			sourceTree = "<group>";
		};
		C22788861EBBFF4A00F1E7B9 /* Classes */ = {
			isa = PBXGroup;
			children = (
				C22788871EBBFF4A00F1E7B9 /* AppDelegate.swift */,
				C22788881EBBFF4A00F1E7B9 /* Device.swift */,
				C22788891EBBFF4A00F1E7B9 /* FileUtils.swift */,
				C227888A1EBBFF4A00F1E7B9 /* RootViewController.swift */,
				C227888B1EBBFF4A00F1E7B9 /* WebFetcher.swift */,
				C28B772D1EBD19CA0021939D /* GithubAPI.swift */,
				C28B772F1EBD24C40021939D /* UsersList.swift */,
				C28B77311EBD2FB10021939D /* GithubUser.swift */,
				C28B77331EBD2FBF0021939D /* GithubRepo.swift */,
				C221C2C11EBD413D00660CAC /* ReposList.swift */,
				C221C2C31EBD4E0300660CAC /* GithubPull.swift */,
				C221C2C51EBD4E1500660CAC /* GithubDiff.swift */,
				C221C2C71EBD53A400660CAC /* PullsList.swift */,
				0D7A30631EBD766B00C1ACEC /* RepoTableViewCell.swift */,
				0D7A30651EBD8B5900C1ACEC /* PullTableViewCell.swift */,
			);
			name = Classes;
			path = NickRaptisPullRequestViewer/Classes;
			sourceTree = "<group>";
		};
		EC17766D46F8E7E7997F7199 /* Frameworks */ = {
			isa = PBXGroup;
			children = (
			);
			name = Frameworks;
			sourceTree = "<group>";
		};
/* End PBXGroup section */

/* Begin PBXNativeTarget section */
		C227884F1EBBF86300F1E7B9 /* NickRaptisPullRequestViewer */ = {
			isa = PBXNativeTarget;
			buildConfigurationList = C227887B1EBBF86300F1E7B9 /* Build configuration list for PBXNativeTarget "NickRaptisPullRequestViewer" */;
			buildPhases = (
				C227884C1EBBF86300F1E7B9 /* Sources */,
				C227884D1EBBF86300F1E7B9 /* Frameworks */,
				C227884E1EBBF86300F1E7B9 /* Resources */,
			);
			buildRules = (
			);
			dependencies = (
			);
			name = NickRaptisPullRequestViewer;
			productName = NickRaptisPullRequestViewer;
			productReference = C22788501EBBF86300F1E7B9 /* NickRaptisPullRequestViewer.app */;
			productType = "com.apple.product-type.application";
		};
		C22788661EBBF86300F1E7B9 /* NickRaptisPullRequestViewerTests */ = {
			isa = PBXNativeTarget;
			buildConfigurationList = C227887E1EBBF86300F1E7B9 /* Build configuration list for PBXNativeTarget "NickRaptisPullRequestViewerTests" */;
			buildPhases = (
				58B4844F872C002C948BBF6F /* [CP] Check Pods Manifest.lock */,
				C22788631EBBF86300F1E7B9 /* Sources */,
				C22788641EBBF86300F1E7B9 /* Frameworks */,
				C22788651EBBF86300F1E7B9 /* Resources */,
				ADFBBAC5DD1200232867D00D /* [CP] Embed Pods Frameworks */,
				26CB625009FED5EF7A9246D3 /* [CP] Copy Pods Resources */,
			);
			buildRules = (
			);
			dependencies = (
				C22788691EBBF86300F1E7B9 /* PBXTargetDependency */,
			);
			name = NickRaptisPullRequestViewerTests;
			productName = NickRaptisPullRequestViewerTests;
			productReference = C22788671EBBF86300F1E7B9 /* NickRaptisPullRequestViewerTests.xctest */;
			productType = "com.apple.product-type.bundle.unit-test";
		};
		C22788711EBBF86300F1E7B9 /* NickRaptisPullRequestViewerUITests */ = {
			isa = PBXNativeTarget;
			buildConfigurationList = C22788811EBBF86300F1E7B9 /* Build configuration list for PBXNativeTarget "NickRaptisPullRequestViewerUITests" */;
			buildPhases = (
				88243C024594DDFA05DEC887 /* [CP] Check Pods Manifest.lock */,
				C227886E1EBBF86300F1E7B9 /* Sources */,
				C227886F1EBBF86300F1E7B9 /* Frameworks */,
				C22788701EBBF86300F1E7B9 /* Resources */,
				9C878917EB155EBD69F04FDA /* [CP] Embed Pods Frameworks */,
				E0F5D3AD5FAC2392B3D2810A /* [CP] Copy Pods Resources */,
			);
			buildRules = (
			);
			dependencies = (
				C22788741EBBF86300F1E7B9 /* PBXTargetDependency */,
			);
			name = NickRaptisPullRequestViewerUITests;
			productName = NickRaptisPullRequestViewerUITests;
			productReference = C22788721EBBF86300F1E7B9 /* NickRaptisPullRequestViewerUITests.xctest */;
			productType = "com.apple.product-type.bundle.ui-testing";
		};
/* End PBXNativeTarget section */

/* Begin PBXProject section */
		C22788481EBBF86300F1E7B9 /* Project object */ = {
			isa = PBXProject;
			attributes = {
				LastSwiftUpdateCheck = 0830;
				LastUpgradeCheck = 0830;
				ORGANIZATIONNAME = company_name_goes_here;
				TargetAttributes = {
					C227884F1EBBF86300F1E7B9 = {
						CreatedOnToolsVersion = 8.3.2;
						DevelopmentTeam = 2GG555KD5G;
						ProvisioningStyle = Automatic;
					};
					C22788661EBBF86300F1E7B9 = {
						CreatedOnToolsVersion = 8.3.2;
						ProvisioningStyle = Automatic;
						TestTargetID = C227884F1EBBF86300F1E7B9;
					};
					C22788711EBBF86300F1E7B9 = {
						CreatedOnToolsVersion = 8.3.2;
						ProvisioningStyle = Automatic;
						TestTargetID = C227884F1EBBF86300F1E7B9;
					};
				};
			};
			buildConfigurationList = C227884B1EBBF86300F1E7B9 /* Build configuration list for PBXProject "NickRaptisPullRequestViewer" */;
			compatibilityVersion = "Xcode 3.2";
			developmentRegion = English;
			hasScannedForEncodings = 0;
			knownRegions = (
				en,
				Base,
			);
			mainGroup = C22788471EBBF86300F1E7B9;
			productRefGroup = C22788511EBBF86300F1E7B9 /* Products */;
			projectDirPath = "";
			projectRoot = "";
			targets = (
				C227884F1EBBF86300F1E7B9 /* NickRaptisPullRequestViewer */,
				C22788661EBBF86300F1E7B9 /* NickRaptisPullRequestViewerTests */,
				C22788711EBBF86300F1E7B9 /* NickRaptisPullRequestViewerUITests */,
			);
		};
/* End PBXProject section */

/* Begin PBXResourcesBuildPhase section */
		C227884E1EBBF86300F1E7B9 /* Resources */ = {
			isa = PBXResourcesBuildPhase;
			buildActionMask = 2147483647;
			files = (
				C22788611EBBF86300F1E7B9 /* LaunchScreen.storyboard in Resources */,
				C227885E1EBBF86300F1E7B9 /* Assets.xcassets in Resources */,
				C22788591EBBF86300F1E7B9 /* Main.storyboard in Resources */,
			);
			runOnlyForDeploymentPostprocessing = 0;
		};
		C22788651EBBF86300F1E7B9 /* Resources */ = {
			isa = PBXResourcesBuildPhase;
			buildActionMask = 2147483647;
			files = (
			);
			runOnlyForDeploymentPostprocessing = 0;
		};
		C22788701EBBF86300F1E7B9 /* Resources */ = {
			isa = PBXResourcesBuildPhase;
			buildActionMask = 2147483647;
			files = (
			);
			runOnlyForDeploymentPostprocessing = 0;
		};
/* End PBXResourcesBuildPhase section */

/* Begin PBXShellScriptBuildPhase section */
		26CB625009FED5EF7A9246D3 /* [CP] Copy Pods Resources */ = {
			isa = PBXShellScriptBuildPhase;
			buildActionMask = 2147483647;
			files = (
			);
			inputPaths = (
			);
			name = "[CP] Copy Pods Resources";
			outputPaths = (
			);
			runOnlyForDeploymentPostprocessing = 0;
			shellPath = /bin/sh;
			shellScript = "\"${SRCROOT}/Pods/Target Support Files/Pods-NickRaptisPullRequestViewerTests/Pods-NickRaptisPullRequestViewerTests-resources.sh\"\n";
			showEnvVarsInLog = 0;
		};
		58B4844F872C002C948BBF6F /* [CP] Check Pods Manifest.lock */ = {
			isa = PBXShellScriptBuildPhase;
			buildActionMask = 2147483647;
			files = (
			);
			inputPaths = (
			);
			name = "[CP] Check Pods Manifest.lock";
			outputPaths = (
			);
			runOnlyForDeploymentPostprocessing = 0;
			shellPath = /bin/sh;
			shellScript = "diff \"${PODS_ROOT}/../Podfile.lock\" \"${PODS_ROOT}/Manifest.lock\" > /dev/null\nif [ $? != 0 ] ; then\n    # print error to STDERR\n    echo \"error: The sandbox is not in sync with the Podfile.lock. Run 'pod install' or update your CocoaPods installation.\" >&2\n    exit 1\nfi\n";
			showEnvVarsInLog = 0;
		};
		88243C024594DDFA05DEC887 /* [CP] Check Pods Manifest.lock */ = {
			isa = PBXShellScriptBuildPhase;
			buildActionMask = 2147483647;
			files = (
			);
			inputPaths = (
			);
			name = "[CP] Check Pods Manifest.lock";
			outputPaths = (
			);
			runOnlyForDeploymentPostprocessing = 0;
			shellPath = /bin/sh;
			shellScript = "diff \"${PODS_ROOT}/../Podfile.lock\" \"${PODS_ROOT}/Manifest.lock\" > /dev/null\nif [ $? != 0 ] ; then\n    # print error to STDERR\n    echo \"error: The sandbox is not in sync with the Podfile.lock. Run 'pod install' or update your CocoaPods installation.\" >&2\n    exit 1\nfi\n";
			showEnvVarsInLog = 0;
		};
		9C878917EB155EBD69F04FDA /* [CP] Embed Pods Frameworks */ = {
			isa = PBXShellScriptBuildPhase;
			buildActionMask = 2147483647;
			files = (
			);
			inputPaths = (
			);
			name = "[CP] Embed Pods Frameworks";
			outputPaths = (
			);
			runOnlyForDeploymentPostprocessing = 0;
			shellPath = /bin/sh;
			shellScript = "\"${SRCROOT}/Pods/Target Support Files/Pods-NickRaptisPullRequestViewerUITests/Pods-NickRaptisPullRequestViewerUITests-frameworks.sh\"\n";
			showEnvVarsInLog = 0;
		};
		ADFBBAC5DD1200232867D00D /* [CP] Embed Pods Frameworks */ = {
			isa = PBXShellScriptBuildPhase;
			buildActionMask = 2147483647;
			files = (
			);
			inputPaths = (
			);
			name = "[CP] Embed Pods Frameworks";
			outputPaths = (
			);
			runOnlyForDeploymentPostprocessing = 0;
			shellPath = /bin/sh;
			shellScript = "\"${SRCROOT}/Pods/Target Support Files/Pods-NickRaptisPullRequestViewerTests/Pods-NickRaptisPullRequestViewerTests-frameworks.sh\"\n";
			showEnvVarsInLog = 0;
		};
		E0F5D3AD5FAC2392B3D2810A /* [CP] Copy Pods Resources */ = {
			isa = PBXShellScriptBuildPhase;
			buildActionMask = 2147483647;
			files = (
			);
			inputPaths = (
			);
			name = "[CP] Copy Pods Resources";
			outputPaths = (
			);
			runOnlyForDeploymentPostprocessing = 0;
			shellPath = /bin/sh;
			shellScript = "\"${SRCROOT}/Pods/Target Support Files/Pods-NickRaptisPullRequestViewerUITests/Pods-NickRaptisPullRequestViewerUITests-resources.sh\"\n";
			showEnvVarsInLog = 0;
		};
/* End PBXShellScriptBuildPhase section */

/* Begin PBXSourcesBuildPhase section */
		C227884C1EBBF86300F1E7B9 /* Sources */ = {
			isa = PBXSourcesBuildPhase;
			buildActionMask = 2147483647;
			files = (
				C28B77301EBD24C40021939D /* UsersList.swift in Sources */,
				C227888F1EBBFF4A00F1E7B9 /* RootViewController.swift in Sources */,
				0D7A30661EBD8B5900C1ACEC /* PullTableViewCell.swift in Sources */,
				C28B77341EBD2FBF0021939D /* GithubRepo.swift in Sources */,
				C221C2C21EBD413D00660CAC /* ReposList.swift in Sources */,
				C221C2C61EBD4E1500660CAC /* GithubDiff.swift in Sources */,
				C227888D1EBBFF4A00F1E7B9 /* Device.swift in Sources */,
				C221C2C81EBD53A400660CAC /* PullsList.swift in Sources */,
				C227888C1EBBFF4A00F1E7B9 /* AppDelegate.swift in Sources */,
				0D7A30641EBD766B00C1ACEC /* RepoTableViewCell.swift in Sources */,
				C28B77321EBD2FB10021939D /* GithubUser.swift in Sources */,
				C221C2C41EBD4E0300660CAC /* GithubPull.swift in Sources */,
				C227885C1EBBF86300F1E7B9 /* NickRaptisPullRequestViewer.xcdatamodeld in Sources */,
				C22788901EBBFF4A00F1E7B9 /* WebFetcher.swift in Sources */,
				C28B772E1EBD19CA0021939D /* GithubAPI.swift in Sources */,
				C227888E1EBBFF4A00F1E7B9 /* FileUtils.swift in Sources */,
			);
			runOnlyForDeploymentPostprocessing = 0;
		};
		C22788631EBBF86300F1E7B9 /* Sources */ = {
			isa = PBXSourcesBuildPhase;
			buildActionMask = 2147483647;
			files = (
				C227886C1EBBF86300F1E7B9 /* NickRaptisPullRequestViewerTests.swift in Sources */,
			);
			runOnlyForDeploymentPostprocessing = 0;
		};
		C227886E1EBBF86300F1E7B9 /* Sources */ = {
			isa = PBXSourcesBuildPhase;
			buildActionMask = 2147483647;
			files = (
				C22788771EBBF86300F1E7B9 /* NickRaptisPullRequestViewerUITests.swift in Sources */,
			);
			runOnlyForDeploymentPostprocessing = 0;
		};
/* End PBXSourcesBuildPhase section */

/* Begin PBXTargetDependency section */
		C22788691EBBF86300F1E7B9 /* PBXTargetDependency */ = {
			isa = PBXTargetDependency;
			target = C227884F1EBBF86300F1E7B9 /* NickRaptisPullRequestViewer */;
			targetProxy = C22788681EBBF86300F1E7B9 /* PBXContainerItemProxy */;
		};
		C22788741EBBF86300F1E7B9 /* PBXTargetDependency */ = {
			isa = PBXTargetDependency;
			target = C227884F1EBBF86300F1E7B9 /* NickRaptisPullRequestViewer */;
			targetProxy = C22788731EBBF86300F1E7B9 /* PBXContainerItemProxy */;
		};
/* End PBXTargetDependency section */

/* Begin PBXVariantGroup section */
		C22788571EBBF86300F1E7B9 /* Main.storyboard */ = {
			isa = PBXVariantGroup;
			children = (
				C22788581EBBF86300F1E7B9 /* Base */,
			);
			name = Main.storyboard;
			sourceTree = "<group>";
		};
		C227885F1EBBF86300F1E7B9 /* LaunchScreen.storyboard */ = {
			isa = PBXVariantGroup;
			children = (
				C22788601EBBF86300F1E7B9 /* Base */,
			);
			name = LaunchScreen.storyboard;
			sourceTree = "<group>";
		};
/* End PBXVariantGroup section */

/* Begin XCBuildConfiguration section */
		C22788791EBBF86300F1E7B9 /* Debug */ = {
			isa = XCBuildConfiguration;
			buildSettings = {
				ALWAYS_SEARCH_USER_PATHS = NO;
				CLANG_ANALYZER_NONNULL = YES;
				CLANG_ANALYZER_NUMBER_OBJECT_CONVERSION = YES_AGGRESSIVE;
				CLANG_CXX_LANGUAGE_STANDARD = "gnu++0x";
				CLANG_CXX_LIBRARY = "libc++";
				CLANG_ENABLE_MODULES = YES;
				CLANG_ENABLE_OBJC_ARC = YES;
				CLANG_WARN_BOOL_CONVERSION = YES;
				CLANG_WARN_CONSTANT_CONVERSION = YES;
				CLANG_WARN_DIRECT_OBJC_ISA_USAGE = YES_ERROR;
				CLANG_WARN_DOCUMENTATION_COMMENTS = YES;
				CLANG_WARN_EMPTY_BODY = YES;
				CLANG_WARN_ENUM_CONVERSION = YES;
				CLANG_WARN_INFINITE_RECURSION = YES;
				CLANG_WARN_INT_CONVERSION = YES;
				CLANG_WARN_OBJC_ROOT_CLASS = YES_ERROR;
				CLANG_WARN_SUSPICIOUS_MOVE = YES;
				CLANG_WARN_UNREACHABLE_CODE = YES;
				CLANG_WARN__DUPLICATE_METHOD_MATCH = YES;
				"CODE_SIGN_IDENTITY[sdk=iphoneos*]" = "iPhone Developer";
				COPY_PHASE_STRIP = NO;
				DEBUG_INFORMATION_FORMAT = dwarf;
				ENABLE_STRICT_OBJC_MSGSEND = YES;
				ENABLE_TESTABILITY = YES;
				GCC_C_LANGUAGE_STANDARD = gnu99;
				GCC_DYNAMIC_NO_PIC = NO;
				GCC_NO_COMMON_BLOCKS = YES;
				GCC_OPTIMIZATION_LEVEL = 0;
				GCC_PREPROCESSOR_DEFINITIONS = (
					"DEBUG=1",
					"$(inherited)",
				);
				GCC_WARN_64_TO_32_BIT_CONVERSION = YES;
				GCC_WARN_ABOUT_RETURN_TYPE = YES_ERROR;
				GCC_WARN_UNDECLARED_SELECTOR = YES;
				GCC_WARN_UNINITIALIZED_AUTOS = YES_AGGRESSIVE;
				GCC_WARN_UNUSED_FUNCTION = YES;
				GCC_WARN_UNUSED_VARIABLE = YES;
				IPHONEOS_DEPLOYMENT_TARGET = 10.3;
				MTL_ENABLE_DEBUG_INFO = YES;
				ONLY_ACTIVE_ARCH = YES;
				SDKROOT = iphoneos;
				SWIFT_ACTIVE_COMPILATION_CONDITIONS = DEBUG;
				SWIFT_OPTIMIZATION_LEVEL = "-Onone";
				TARGETED_DEVICE_FAMILY = "1,2";
			};
			name = Debug;
		};
		C227887A1EBBF86300F1E7B9 /* Release */ = {
			isa = XCBuildConfiguration;
			buildSettings = {
				ALWAYS_SEARCH_USER_PATHS = NO;
				CLANG_ANALYZER_NONNULL = YES;
				CLANG_ANALYZER_NUMBER_OBJECT_CONVERSION = YES_AGGRESSIVE;
				CLANG_CXX_LANGUAGE_STANDARD = "gnu++0x";
				CLANG_CXX_LIBRARY = "libc++";
				CLANG_ENABLE_MODULES = YES;
				CLANG_ENABLE_OBJC_ARC = YES;
				CLANG_WARN_BOOL_CONVERSION = YES;
				CLANG_WARN_CONSTANT_CONVERSION = YES;
				CLANG_WARN_DIRECT_OBJC_ISA_USAGE = YES_ERROR;
				CLANG_WARN_DOCUMENTATION_COMMENTS = YES;
				CLANG_WARN_EMPTY_BODY = YES;
				CLANG_WARN_ENUM_CONVERSION = YES;
				CLANG_WARN_INFINITE_RECURSION = YES;
				CLANG_WARN_INT_CONVERSION = YES;
				CLANG_WARN_OBJC_ROOT_CLASS = YES_ERROR;
				CLANG_WARN_SUSPICIOUS_MOVE = YES;
				CLANG_WARN_UNREACHABLE_CODE = YES;
				CLANG_WARN__DUPLICATE_METHOD_MATCH = YES;
				"CODE_SIGN_IDENTITY[sdk=iphoneos*]" = "iPhone Developer";
				COPY_PHASE_STRIP = NO;
				DEBUG_INFORMATION_FORMAT = "dwarf-with-dsym";
				ENABLE_NS_ASSERTIONS = NO;
				ENABLE_STRICT_OBJC_MSGSEND = YES;
				GCC_C_LANGUAGE_STANDARD = gnu99;
				GCC_NO_COMMON_BLOCKS = YES;
				GCC_WARN_64_TO_32_BIT_CONVERSION = YES;
				GCC_WARN_ABOUT_RETURN_TYPE = YES_ERROR;
				GCC_WARN_UNDECLARED_SELECTOR = YES;
				GCC_WARN_UNINITIALIZED_AUTOS = YES_AGGRESSIVE;
				GCC_WARN_UNUSED_FUNCTION = YES;
				GCC_WARN_UNUSED_VARIABLE = YES;
				IPHONEOS_DEPLOYMENT_TARGET = 10.3;
				MTL_ENABLE_DEBUG_INFO = NO;
				SDKROOT = iphoneos;
				SWIFT_OPTIMIZATION_LEVEL = "-Owholemodule";
				TARGETED_DEVICE_FAMILY = "1,2";
				VALIDATE_PRODUCT = YES;
			};
			name = Release;
		};
		C227887C1EBBF86300F1E7B9 /* Debug */ = {
			isa = XCBuildConfiguration;
			buildSettings = {
				ASSETCATALOG_COMPILER_APPICON_NAME = AppIcon;
				DEVELOPMENT_TEAM = 2GG555KD5G;
				INFOPLIST_FILE = NickRaptisPullRequestViewer/Info.plist;
				LD_RUNPATH_SEARCH_PATHS = "$(inherited) @executable_path/Frameworks";
				PRODUCT_BUNDLE_IDENTIFIER = com.froggy.moon;
				PRODUCT_NAME = "$(TARGET_NAME)";
				SWIFT_VERSION = 3.0;
			};
			name = Debug;
		};
		C227887D1EBBF86300F1E7B9 /* Release */ = {
			isa = XCBuildConfiguration;
			buildSettings = {
				ASSETCATALOG_COMPILER_APPICON_NAME = AppIcon;
				DEVELOPMENT_TEAM = 2GG555KD5G;
				INFOPLIST_FILE = NickRaptisPullRequestViewer/Info.plist;
				LD_RUNPATH_SEARCH_PATHS = "$(inherited) @executable_path/Frameworks";
				PRODUCT_BUNDLE_IDENTIFIER = com.froggy.moon;
				PRODUCT_NAME = "$(TARGET_NAME)";
				SWIFT_VERSION = 3.0;
			};
			name = Release;
		};
		C227887F1EBBF86300F1E7B9 /* Debug */ = {
			isa = XCBuildConfiguration;
			buildSettings = {
				ALWAYS_EMBED_SWIFT_STANDARD_LIBRARIES = YES;
				BUNDLE_LOADER = "$(TEST_HOST)";
				INFOPLIST_FILE = NickRaptisPullRequestViewerTests/Info.plist;
				LD_RUNPATH_SEARCH_PATHS = "$(inherited) @executable_path/Frameworks @loader_path/Frameworks";
				PRODUCT_BUNDLE_IDENTIFIER = com.froggy.moon;
				PRODUCT_NAME = "$(TARGET_NAME)";
				SWIFT_VERSION = 3.0;
				TEST_HOST = "$(BUILT_PRODUCTS_DIR)/NickRaptisPullRequestViewer.app/NickRaptisPullRequestViewer";
			};
			name = Debug;
		};
		C22788801EBBF86300F1E7B9 /* Release */ = {
			isa = XCBuildConfiguration;
			buildSettings = {
				ALWAYS_EMBED_SWIFT_STANDARD_LIBRARIES = YES;
				BUNDLE_LOADER = "$(TEST_HOST)";
				INFOPLIST_FILE = NickRaptisPullRequestViewerTests/Info.plist;
				LD_RUNPATH_SEARCH_PATHS = "$(inherited) @executable_path/Frameworks @loader_path/Frameworks";
				PRODUCT_BUNDLE_IDENTIFIER = com.froggy.moon;
				PRODUCT_NAME = "$(TARGET_NAME)";
				SWIFT_VERSION = 3.0;
				TEST_HOST = "$(BUILT_PRODUCTS_DIR)/NickRaptisPullRequestViewer.app/NickRaptisPullRequestViewer";
			};
			name = Release;
		};
		C22788821EBBF86300F1E7B9 /* Debug */ = {
			isa = XCBuildConfiguration;
			buildSettings = {
				ALWAYS_EMBED_SWIFT_STANDARD_LIBRARIES = YES;
				INFOPLIST_FILE = NickRaptisPullRequestViewerUITests/Info.plist;
				LD_RUNPATH_SEARCH_PATHS = "$(inherited) @executable_path/Frameworks @loader_path/Frameworks";
				PRODUCT_BUNDLE_IDENTIFIER = com.demo.test.NickRaptisPullRequestViewerUITests;
				PRODUCT_NAME = "$(TARGET_NAME)";
				SWIFT_VERSION = 3.0;
				TEST_TARGET_NAME = NickRaptisPullRequestViewer;
			};
			name = Debug;
		};
		C22788831EBBF86300F1E7B9 /* Release */ = {
			isa = XCBuildConfiguration;
			buildSettings = {
				ALWAYS_EMBED_SWIFT_STANDARD_LIBRARIES = YES;
				INFOPLIST_FILE = NickRaptisPullRequestViewerUITests/Info.plist;
				LD_RUNPATH_SEARCH_PATHS = "$(inherited) @executable_path/Frameworks @loader_path/Frameworks";
				PRODUCT_BUNDLE_IDENTIFIER = com.demo.test.NickRaptisPullRequestViewerUITests;
				PRODUCT_NAME = "$(TARGET_NAME)";
				SWIFT_VERSION = 3.0;
				TEST_TARGET_NAME = NickRaptisPullRequestViewer;
			};
			name = Release;
		};
/* End XCBuildConfiguration section */

/* Begin XCConfigurationList section */
		C227884B1EBBF86300F1E7B9 /* Build configuration list for PBXProject "NickRaptisPullRequestViewer" */ = {
			isa = XCConfigurationList;
			buildConfigurations = (
				C22788791EBBF86300F1E7B9 /* Debug */,
				C227887A1EBBF86300F1E7B9 /* Release */,
			);
			defaultConfigurationIsVisible = 0;
			defaultConfigurationName = Release;
		};
		C227887B1EBBF86300F1E7B9 /* Build configuration list for PBXNativeTarget "NickRaptisPullRequestViewer" */ = {
			isa = XCConfigurationList;
			buildConfigurations = (
				C227887C1EBBF86300F1E7B9 /* Debug */,
				C227887D1EBBF86300F1E7B9 /* Release */,
			);
			defaultConfigurationIsVisible = 0;
			defaultConfigurationName = Release;
		};
		C227887E1EBBF86300F1E7B9 /* Build configuration list for PBXNativeTarget "NickRaptisPullRequestViewerTests" */ = {
			isa = XCConfigurationList;
			buildConfigurations = (
				C227887F1EBBF86300F1E7B9 /* Debug */,
				C22788801EBBF86300F1E7B9 /* Release */,
			);
			defaultConfigurationIsVisible = 0;
			defaultConfigurationName = Release;
		};
		C22788811EBBF86300F1E7B9 /* Build configuration list for PBXNativeTarget "NickRaptisPullRequestViewerUITests" */ = {
			isa = XCConfigurationList;
			buildConfigurations = (
				C22788821EBBF86300F1E7B9 /* Debug */,
				C22788831EBBF86300F1E7B9 /* Release */,
			);
			defaultConfigurationIsVisible = 0;
			defaultConfigurationName = Release;
		};
/* End XCConfigurationList section */

/* Begin XCVersionGroup section */
		C227885A1EBBF86300F1E7B9 /* NickRaptisPullRequestViewer.xcdatamodeld */ = {
			isa = XCVersionGroup;
			children = (
				C227885B1EBBF86300F1E7B9 /* NickRaptisPullRequestViewer.xcdatamodel */,
			);
			currentVersion = C227885B1EBBF86300F1E7B9 /* NickRaptisPullRequestViewer.xcdatamodel */;
			path = NickRaptisPullRequestViewer.xcdatamodeld;
			sourceTree = "<group>";
			versionGroupType = wrapper.xcdatamodel;
		};
/* End XCVersionGroup section */
	};
	rootObject = C22788481EBBF86300F1E7B9 /* Project object */;
}
